
Microsoft Visual Studio Solution File, Format Version 12.00
# Visual Studio 15
VisualStudioVersion = 15.0.28307.539
MinimumVisualStudioVersion = 10.0.40219.1
Project("{FAE04EC0-301F-11D3-BF4B-00C04F79EFBC}") = "GT2WheelSwap", "GT2WheelSwap\GT2WheelSwap.csproj", "{770A7EAA-9DA9-429B-9C3F-3F24C1D0FD11}"
EndProject
Project("{D954291E-2A0B-460D-934E-DC6B0785DB48}") = "Common", "..\Common\Common.shproj", "{643A1287-D41C-4A10-8740-FC8DEDB2848E}"
EndProject
Global
	GlobalSection(SharedMSBuildProjectFiles) = preSolution
		..\Common\Common.projitems*{643a1287-d41c-4a10-8740-fc8dedb2848e}*SharedItemsImports = 13
		..\Common\Common.projitems*{770a7eaa-9da9-429b-9c3f-3f24c1d0fd11}*SharedItemsImports = 4
	EndGlobalSection
	GlobalSection(SolutionConfigurationPlatforms) = preSolution
		Debug|Any CPU = Debug|Any CPU
		Release|Any CPU = Release|Any CPU
	EndGlobalSection
	GlobalSection(ProjectConfigurationPlatforms) = postSolution
		{770A7EAA-9DA9-429B-9C3F-3F24C1D0FD11}.Debug|Any CPU.ActiveCfg = Debug|Any CPU
		{770A7EAA-9DA9-429B-9C3F-3F24C1D0FD11}.Debug|Any CPU.Build.0 = Debug|Any CPU
		{770A7EAA-9DA9-429B-9C3F-3F24C1D0FD11}.Release|Any CPU.ActiveCfg = Release|Any CPU
		{770A7EAA-9DA9-429B-9C3F-3F24C1D0FD11}.Release|Any CPU.Build.0 = Release|Any CPU
	EndGlobalSection
	GlobalSection(SolutionProperties) = preSolution
		HideSolutionNode = FALSE
	EndGlobalSection
	GlobalSection(ExtensibilityGlobals) = postSolution
		SolutionGuid = {61EE82B9-561B-4471-AEB7-C5091E151C08}
	EndGlobalSection
EndGlobal
