
Microsoft Visual Studio Solution File, Format Version 12.00
# Visual Studio 15
VisualStudioVersion = 15.0.28307.438
MinimumVisualStudioVersion = 10.0.40219.1
Project("{FAE04EC0-301F-11D3-BF4B-00C04F79EFBC}") = "GT2TrackIDConverter", "GT2TrackIDConverter\GT2TrackIDConverter.csproj", "{CAF777ED-00D8-43E0-BC38-E91F338287CB}"
EndProject
Global
	GlobalSection(SolutionConfigurationPlatforms) = preSolution
		Debug|Any CPU = Debug|Any CPU
		Release|Any CPU = Release|Any CPU
	EndGlobalSection
	GlobalSection(ProjectConfigurationPlatforms) = postSolution
		{CAF777ED-00D8-43E0-BC38-E91F338287CB}.Debug|Any CPU.ActiveCfg = Debug|Any CPU
		{CAF777ED-00D8-43E0-BC38-E91F338287CB}.Debug|Any CPU.Build.0 = Debug|Any CPU
		{CAF777ED-00D8-43E0-BC38-E91F338287CB}.Release|Any CPU.ActiveCfg = Release|Any CPU
		{CAF777ED-00D8-43E0-BC38-E91F338287CB}.Release|Any CPU.Build.0 = Release|Any CPU
	EndGlobalSection
	GlobalSection(SolutionProperties) = preSolution
		HideSolutionNode = FALSE
	EndGlobalSection
	GlobalSection(ExtensibilityGlobals) = postSolution
		SolutionGuid = {07E7F8D0-95E9-40DA-A3C6-28F7FA0F8641}
	EndGlobalSection
EndGlobal
