Microsoft Visual Studio Solution File, Format Version 12.00
# Visual Studio Version 17
VisualStudioVersion = 17.3.32929.385
MinimumVisualStudioVersion = 10.0.40219.1
Project("{9A19103F-16F7-4668-BE54-9A1E7A4F7556}") = "GT1Compress", "GT1Compress\GT1Compress.csproj", "{EC761A84-D961-449F-9012-9FA29679A2F7}"
EndProject
Project("{9A19103F-16F7-4668-BE54-9A1E7A4F7556}") = "Common", "..\Common\Common.csproj", "{F8BF9E6B-3D52-4D3E-9320-F00E65F391B3}"
EndProject
Project("{9A19103F-16F7-4668-BE54-9A1E7A4F7556}") = "Common.GT1", "..\Common\GT1\Common.GT1.csproj", "{9962B13F-59B9-4AEF-A707-C725F6316ED4}"
EndProject
Global
	GlobalSection(SolutionConfigurationPlatforms) = preSolution
		Debug|Any CPU = Debug|Any CPU
		Release|Any CPU = Release|Any CPU
	EndGlobalSection
	GlobalSection(ProjectConfigurationPlatforms) = postSolution
		{EC761A84-D961-449F-9012-9FA29679A2F7}.Debug|Any CPU.ActiveCfg = Debug|Any CPU
		{EC761A84-D961-449F-9012-9FA29679A2F7}.Debug|Any CPU.Build.0 = Debug|Any CPU
		{EC761A84-D961-449F-9012-9FA29679A2F7}.Release|Any CPU.ActiveCfg = Release|Any CPU
		{EC761A84-D961-449F-9012-9FA29679A2F7}.Release|Any CPU.Build.0 = Release|Any CPU
		{F8BF9E6B-3D52-4D3E-9320-F00E65F391B3}.Debug|Any CPU.ActiveCfg = Debug|Any CPU
		{F8BF9E6B-3D52-4D3E-9320-F00E65F391B3}.Debug|Any CPU.Build.0 = Debug|Any CPU
		{F8BF9E6B-3D52-4D3E-9320-F00E65F391B3}.Release|Any CPU.ActiveCfg = Release|Any CPU
		{F8BF9E6B-3D52-4D3E-9320-F00E65F391B3}.Release|Any CPU.Build.0 = Release|Any CPU
		{9962B13F-59B9-4AEF-A707-C725F6316ED4}.Debug|Any CPU.ActiveCfg = Debug|Any CPU
		{9962B13F-59B9-4AEF-A707-C725F6316ED4}.Debug|Any CPU.Build.0 = Debug|Any CPU
		{9962B13F-59B9-4AEF-A707-C725F6316ED4}.Release|Any CPU.ActiveCfg = Release|Any CPU
		{9962B13F-59B9-4AEF-A707-C725F6316ED4}.Release|Any CPU.Build.0 = Release|Any CPU
	EndGlobalSection
	GlobalSection(SolutionProperties) = preSolution
		HideSolutionNode = FALSE
	EndGlobalSection
	GlobalSection(ExtensibilityGlobals) = postSolution
		SolutionGuid = {8350ECED-BC43-41CA-BB5D-D1738244EBEC}
	EndGlobalSection
EndGlobal
