
Microsoft Visual Studio Solution File, Format Version 12.00
# Visual Studio Version 17
VisualStudioVersion = 17.3.32929.385
MinimumVisualStudioVersion = 10.0.40219.1
Project("{9A19103F-16F7-4668-BE54-9A1E7A4F7556}") = "GT1SpecSplitter", "GT1SpecSplitter\GT1SpecSplitter.csproj", "{94251F22-AE00-48F7-A865-F06AFAF52EC5}"
EndProject
Project("{9A19103F-16F7-4668-BE54-9A1E7A4F7556}") = "Common", "..\Common\Common.csproj", "{CFB76409-A478-4E14-8287-E44E19717DEF}"
EndProject
Global
	GlobalSection(SolutionConfigurationPlatforms) = preSolution
		Debug|Any CPU = Debug|Any CPU
		Release|Any CPU = Release|Any CPU
	EndGlobalSection
	GlobalSection(ProjectConfigurationPlatforms) = postSolution
		{94251F22-AE00-48F7-A865-F06AFAF52EC5}.Debug|Any CPU.ActiveCfg = Debug|Any CPU
		{94251F22-AE00-48F7-A865-F06AFAF52EC5}.Debug|Any CPU.Build.0 = Debug|Any CPU
		{94251F22-AE00-48F7-A865-F06AFAF52EC5}.Release|Any CPU.ActiveCfg = Release|Any CPU
		{94251F22-AE00-48F7-A865-F06AFAF52EC5}.Release|Any CPU.Build.0 = Release|Any CPU
		{CFB76409-A478-4E14-8287-E44E19717DEF}.Debug|Any CPU.ActiveCfg = Debug|Any CPU
		{CFB76409-A478-4E14-8287-E44E19717DEF}.Debug|Any CPU.Build.0 = Debug|Any CPU
		{CFB76409-A478-4E14-8287-E44E19717DEF}.Release|Any CPU.ActiveCfg = Release|Any CPU
		{CFB76409-A478-4E14-8287-E44E19717DEF}.Release|Any CPU.Build.0 = Release|Any CPU
	EndGlobalSection
	GlobalSection(SolutionProperties) = preSolution
		HideSolutionNode = FALSE
	EndGlobalSection
	GlobalSection(ExtensibilityGlobals) = postSolution
		SolutionGuid = {5417A115-AEA4-4217-ABCF-88689EF8A02B}
	EndGlobalSection
EndGlobal
