
Microsoft Visual Studio Solution File, Format Version 12.00
# Visual Studio Version 17
VisualStudioVersion = 17.10.34928.147
MinimumVisualStudioVersion = 10.0.40219.1
Project("{9A19103F-16F7-4668-BE54-9A1E7A4F7556}") = "GT2SaveEditorGUI", "GT2SaveEditorGUI\GT2SaveEditorGUI.csproj", "{48226B1F-AD2D-4C9A-8DA3-59BE75CFDE42}"
EndProject
Project("{9A19103F-16F7-4668-BE54-9A1E7A4F7556}") = "GT2SaveEditor", "..\GT2SaveEditor\GT2SaveEditor\GT2SaveEditor.csproj", "{FF31CB15-0CF0-47AB-A1E9-B4BD186D3AC2}"
EndProject
Global
	GlobalSection(SolutionConfigurationPlatforms) = preSolution
		Debug|Any CPU = Debug|Any CPU
		Release|Any CPU = Release|Any CPU
	EndGlobalSection
	GlobalSection(ProjectConfigurationPlatforms) = postSolution
		{48226B1F-AD2D-4C9A-8DA3-59BE75CFDE42}.Debug|Any CPU.ActiveCfg = Debug|Any CPU
		{48226B1F-AD2D-4C9A-8DA3-59BE75CFDE42}.Debug|Any CPU.Build.0 = Debug|Any CPU
		{48226B1F-AD2D-4C9A-8DA3-59BE75CFDE42}.Release|Any CPU.ActiveCfg = Release|Any CPU
		{48226B1F-AD2D-4C9A-8DA3-59BE75CFDE42}.Release|Any CPU.Build.0 = Release|Any CPU
		{FF31CB15-0CF0-47AB-A1E9-B4BD186D3AC2}.Debug|Any CPU.ActiveCfg = Debug|Any CPU
		{FF31CB15-0CF0-47AB-A1E9-B4BD186D3AC2}.Debug|Any CPU.Build.0 = Debug|Any CPU
		{FF31CB15-0CF0-47AB-A1E9-B4BD186D3AC2}.Release|Any CPU.ActiveCfg = Release|Any CPU
		{FF31CB15-0CF0-47AB-A1E9-B4BD186D3AC2}.Release|Any CPU.Build.0 = Release|Any CPU
	EndGlobalSection
	GlobalSection(SolutionProperties) = preSolution
		HideSolutionNode = FALSE
	EndGlobalSection
	GlobalSection(ExtensibilityGlobals) = postSolution
		SolutionGuid = {3ABE0A91-4CC2-4B1C-B994-C708B5DDD74A}
	EndGlobalSection
EndGlobal
