
Microsoft Visual Studio Solution File, Format Version 12.00
# Visual Studio Version 17
VisualStudioVersion = 17.10.34928.147
MinimumVisualStudioVersion = 10.0.40219.1
Project("{FAE04EC0-301F-11D3-BF4B-00C04F79EFBC}") = "GT2ModelTool", "GT2ModelTool\GT2ModelTool.csproj", "{E015E44D-F2F6-4903-BF8C-00F93BFC99D8}"
EndProject
Project("{9A19103F-16F7-4668-BE54-9A1E7A4F7556}") = "Common", "..\Common\Common.csproj", "{5D5C257D-0F81-44FD-983C-621EBA35C5F6}"
EndProject
Global
	GlobalSection(SolutionConfigurationPlatforms) = preSolution
		Debug|Any CPU = Debug|Any CPU
		Release|Any CPU = Release|Any CPU
	EndGlobalSection
	GlobalSection(ProjectConfigurationPlatforms) = postSolution
		{E015E44D-F2F6-4903-BF8C-00F93BFC99D8}.Debug|Any CPU.ActiveCfg = Debug|Any CPU
		{E015E44D-F2F6-4903-BF8C-00F93BFC99D8}.Debug|Any CPU.Build.0 = Debug|Any CPU
		{E015E44D-F2F6-4903-BF8C-00F93BFC99D8}.Release|Any CPU.ActiveCfg = Release|Any CPU
		{E015E44D-F2F6-4903-BF8C-00F93BFC99D8}.Release|Any CPU.Build.0 = Release|Any CPU
		{5D5C257D-0F81-44FD-983C-621EBA35C5F6}.Debug|Any CPU.ActiveCfg = Debug|Any CPU
		{5D5C257D-0F81-44FD-983C-621EBA35C5F6}.Debug|Any CPU.Build.0 = Debug|Any CPU
		{5D5C257D-0F81-44FD-983C-621EBA35C5F6}.Release|Any CPU.ActiveCfg = Release|Any CPU
		{5D5C257D-0F81-44FD-983C-621EBA35C5F6}.Release|Any CPU.Build.0 = Release|Any CPU
	EndGlobalSection
	GlobalSection(SolutionProperties) = preSolution
		HideSolutionNode = FALSE
	EndGlobalSection
	GlobalSection(ExtensibilityGlobals) = postSolution
		SolutionGuid = {9DDC2D48-A1F2-4976-939D-009203DDF1EB}
	EndGlobalSection
EndGlobal
