
Microsoft Visual Studio Solution File, Format Version 12.00
# Visual Studio Version 17
VisualStudioVersion = 17.3.32929.385
MinimumVisualStudioVersion = 10.0.40219.1
Project("{FAE04EC0-301F-11D3-BF4B-00C04F79EFBC}") = "GT1SystemEnvEditor", "GT1SystemEnvEditor\GT1SystemEnvEditor.csproj", "{25C386C6-23B0-4B6D-AD09-709B0EAB6544}"
EndProject
Project("{9A19103F-16F7-4668-BE54-9A1E7A4F7556}") = "Common", "..\Common\Common.csproj", "{C1EA26DE-293D-45E0-88FC-57A49B6F2F18}"
EndProject
Global
	GlobalSection(SolutionConfigurationPlatforms) = preSolution
		Debug|Any CPU = Debug|Any CPU
		Release|Any CPU = Release|Any CPU
	EndGlobalSection
	GlobalSection(ProjectConfigurationPlatforms) = postSolution
		{25C386C6-23B0-4B6D-AD09-709B0EAB6544}.Debug|Any CPU.ActiveCfg = Debug|Any CPU
		{25C386C6-23B0-4B6D-AD09-709B0EAB6544}.Debug|Any CPU.Build.0 = Debug|Any CPU
		{25C386C6-23B0-4B6D-AD09-709B0EAB6544}.Release|Any CPU.ActiveCfg = Release|Any CPU
		{25C386C6-23B0-4B6D-AD09-709B0EAB6544}.Release|Any CPU.Build.0 = Release|Any CPU
		{C1EA26DE-293D-45E0-88FC-57A49B6F2F18}.Debug|Any CPU.ActiveCfg = Debug|Any CPU
		{C1EA26DE-293D-45E0-88FC-57A49B6F2F18}.Debug|Any CPU.Build.0 = Debug|Any CPU
		{C1EA26DE-293D-45E0-88FC-57A49B6F2F18}.Release|Any CPU.ActiveCfg = Release|Any CPU
		{C1EA26DE-293D-45E0-88FC-57A49B6F2F18}.Release|Any CPU.Build.0 = Release|Any CPU
	EndGlobalSection
	GlobalSection(SolutionProperties) = preSolution
		HideSolutionNode = FALSE
	EndGlobalSection
	GlobalSection(ExtensibilityGlobals) = postSolution
		SolutionGuid = {735386A2-53AC-47A2-87BE-F5B36BDD4341}
	EndGlobalSection
EndGlobal
