
Microsoft Visual Studio Solution File, Format Version 12.00
# Visual Studio 14
VisualStudioVersion = 14.0.25420.1
MinimumVisualStudioVersion = 10.0.40219.1
Project("{FAE04EC0-301F-11D3-BF4B-00C04F79EFBC}") = "GT2CarInfoEditorWiki", "GT2CarInfoEditorWiki\GT2CarInfoEditorWiki.csproj", "{950CF05C-3B1E-4141-8CA1-25EC7D97C99D}"
EndProject
Global
	GlobalSection(SolutionConfigurationPlatforms) = preSolution
		Debug|Any CPU = Debug|Any CPU
		Release|Any CPU = Release|Any CPU
	EndGlobalSection
	GlobalSection(ProjectConfigurationPlatforms) = postSolution
		{950CF05C-3B1E-4141-8CA1-25EC7D97C99D}.Debug|Any CPU.ActiveCfg = Debug|Any CPU
		{950CF05C-3B1E-4141-8CA1-25EC7D97C99D}.Debug|Any CPU.Build.0 = Debug|Any CPU
		{950CF05C-3B1E-4141-8CA1-25EC7D97C99D}.Release|Any CPU.ActiveCfg = Release|Any CPU
		{950CF05C-3B1E-4141-8CA1-25EC7D97C99D}.Release|Any CPU.Build.0 = Release|Any CPU
	EndGlobalSection
	GlobalSection(SolutionProperties) = preSolution
		HideSolutionNode = FALSE
	EndGlobalSection
EndGlobal
