
Microsoft Visual Studio Solution File, Format Version 12.00
# Visual Studio 15
VisualStudioVersion = 15.0.28307.438
MinimumVisualStudioVersion = 10.0.40219.1
Project("{FAE04EC0-301F-11D3-BF4B-00C04F79EFBC}") = "GT3StringEditor", "GT3StringEditor\GT3StringEditor.csproj", "{33076C0B-8FCD-4FAA-A44D-0A45680CB671}"
EndProject
Global
	GlobalSection(SolutionConfigurationPlatforms) = preSolution
		Debug|Any CPU = Debug|Any CPU
		Release|Any CPU = Release|Any CPU
	EndGlobalSection
	GlobalSection(ProjectConfigurationPlatforms) = postSolution
		{33076C0B-8FCD-4FAA-A44D-0A45680CB671}.Debug|Any CPU.ActiveCfg = Debug|Any CPU
		{33076C0B-8FCD-4FAA-A44D-0A45680CB671}.Debug|Any CPU.Build.0 = Debug|Any CPU
		{33076C0B-8FCD-4FAA-A44D-0A45680CB671}.Release|Any CPU.ActiveCfg = Release|Any CPU
		{33076C0B-8FCD-4FAA-A44D-0A45680CB671}.Release|Any CPU.Build.0 = Release|Any CPU
	EndGlobalSection
	GlobalSection(SolutionProperties) = preSolution
		HideSolutionNode = FALSE
	EndGlobalSection
	GlobalSection(ExtensibilityGlobals) = postSolution
		SolutionGuid = {D4663956-E8E8-492B-9B11-56627A7AC5E6}
	EndGlobalSection
EndGlobal
