
Microsoft Visual Studio Solution File, Format Version 12.00
# Visual Studio Version 16
VisualStudioVersion = 16.0.28803.452
MinimumVisualStudioVersion = 10.0.40219.1
Project("{FAE04EC0-301F-11D3-BF4B-00C04F79EFBC}") = "GT3HashGenerator", "GT3HashGenerator\GT3HashGenerator.csproj", "{1DCF71DD-0BF1-499A-B15F-3D53A297F03F}"
EndProject
Global
	GlobalSection(SolutionConfigurationPlatforms) = preSolution
		Debug|Any CPU = Debug|Any CPU
		Release|Any CPU = Release|Any CPU
	EndGlobalSection
	GlobalSection(ProjectConfigurationPlatforms) = postSolution
		{1DCF71DD-0BF1-499A-B15F-3D53A297F03F}.Debug|Any CPU.ActiveCfg = Debug|Any CPU
		{1DCF71DD-0BF1-499A-B15F-3D53A297F03F}.Debug|Any CPU.Build.0 = Debug|Any CPU
		{1DCF71DD-0BF1-499A-B15F-3D53A297F03F}.Release|Any CPU.ActiveCfg = Release|Any CPU
		{1DCF71DD-0BF1-499A-B15F-3D53A297F03F}.Release|Any CPU.Build.0 = Release|Any CPU
	EndGlobalSection
	GlobalSection(SolutionProperties) = preSolution
		HideSolutionNode = FALSE
	EndGlobalSection
	GlobalSection(ExtensibilityGlobals) = postSolution
		SolutionGuid = {9B23F56A-93F2-45AF-B4E6-3798976DD8AE}
	EndGlobalSection
EndGlobal
