
Microsoft Visual Studio Solution File, Format Version 12.00
# Visual Studio Version 17
VisualStudioVersion = 17.14.36811.4 d17.14
MinimumVisualStudioVersion = 10.0.40219.1
Project("{FAE04EC0-301F-11D3-BF4B-00C04F79EFBC}") = "GT2BillboardEditor", "GT2BillboardEditor\GT2BillboardEditor.csproj", "{5A9E8A87-29BE-462A-B6C6-2653A391E660}"
EndProject
Project("{FAE04EC0-301F-11D3-BF4B-00C04F79EFBC}") = "Common", "..\Common\Common.csproj", "{9F0601AB-EA31-A20F-1B21-30C901BDC579}"
EndProject
Global
	GlobalSection(SolutionConfigurationPlatforms) = preSolution
		Debug|Any CPU = Debug|Any CPU
		Release|Any CPU = Release|Any CPU
	EndGlobalSection
	GlobalSection(ProjectConfigurationPlatforms) = postSolution
		{5A9E8A87-29BE-462A-B6C6-2653A391E660}.Debug|Any CPU.ActiveCfg = Debug|Any CPU
		{5A9E8A87-29BE-462A-B6C6-2653A391E660}.Debug|Any CPU.Build.0 = Debug|Any CPU
		{5A9E8A87-29BE-462A-B6C6-2653A391E660}.Release|Any CPU.ActiveCfg = Release|Any CPU
		{5A9E8A87-29BE-462A-B6C6-2653A391E660}.Release|Any CPU.Build.0 = Release|Any CPU
		{9F0601AB-EA31-A20F-1B21-30C901BDC579}.Debug|Any CPU.ActiveCfg = Debug|Any CPU
		{9F0601AB-EA31-A20F-1B21-30C901BDC579}.Debug|Any CPU.Build.0 = Debug|Any CPU
		{9F0601AB-EA31-A20F-1B21-30C901BDC579}.Release|Any CPU.ActiveCfg = Release|Any CPU
		{9F0601AB-EA31-A20F-1B21-30C901BDC579}.Release|Any CPU.Build.0 = Release|Any CPU
	EndGlobalSection
	GlobalSection(SolutionProperties) = preSolution
		HideSolutionNode = FALSE
	EndGlobalSection
	GlobalSection(ExtensibilityGlobals) = postSolution
		SolutionGuid = {B4BD3502-001D-496F-8133-F32D3B1E8841}
	EndGlobalSection
EndGlobal
