
Microsoft Visual Studio Solution File, Format Version 12.00
# Visual Studio Version 16
VisualStudioVersion = 16.0.31019.35
MinimumVisualStudioVersion = 10.0.40219.1
Project("{FAE04EC0-301F-11D3-BF4B-00C04F79EFBC}") = "ISOLayerSplit", "ISOLayerSplit\ISOLayerSplit.csproj", "{9B921EA8-499D-491F-A1D9-2259934D0468}"
EndProject
Global
	GlobalSection(SolutionConfigurationPlatforms) = preSolution
		Debug|Any CPU = Debug|Any CPU
		Release|Any CPU = Release|Any CPU
	EndGlobalSection
	GlobalSection(ProjectConfigurationPlatforms) = postSolution
		{9B921EA8-499D-491F-A1D9-2259934D0468}.Debug|Any CPU.ActiveCfg = Debug|Any CPU
		{9B921EA8-499D-491F-A1D9-2259934D0468}.Debug|Any CPU.Build.0 = Debug|Any CPU
		{9B921EA8-499D-491F-A1D9-2259934D0468}.Release|Any CPU.ActiveCfg = Release|Any CPU
		{9B921EA8-499D-491F-A1D9-2259934D0468}.Release|Any CPU.Build.0 = Release|Any CPU
	EndGlobalSection
	GlobalSection(SolutionProperties) = preSolution
		HideSolutionNode = FALSE
	EndGlobalSection
	GlobalSection(ExtensibilityGlobals) = postSolution
		SolutionGuid = {4FE3F1C5-9A79-4DF0-9048-FBDFB846B30C}
	EndGlobalSection
EndGlobal
